
Microsoft Visual Studio Solution File, Format Version 12.00
# Visual Studio 15
VisualStudioVersion = 15.0.27130.2010
MinimumVisualStudioVersion = 10.0.40219.1
Project("{FAE04EC0-301F-11D3-BF4B-00C04F79EFBC}") = "MigrateBusinessService", "MigrateBusinessService\MigrateBusinessService.csproj", "{08DECFC1-4AD0-45EB-91E8-CC4AE5EEF1A2}"
EndProject
Project("{FAE04EC0-301F-11D3-BF4B-00C04F79EFBC}") = "MigratedAzFunc", "MigratedAzFunc\MigratedAzFunc.csproj", "{987C3BAE-011B-47EB-86B6-74AB12F7B8CD}"
EndProject
Project("{FAE04EC0-301F-11D3-BF4B-00C04F79EFBC}") = "MigratedWebAPI", "MigratedWebAPI\MigratedWebAPI.csproj", "{6D3337CF-F1ED-4411-B917-5A8FA6ACBD96}"
EndProject
Global
	GlobalSection(SolutionConfigurationPlatforms) = preSolution
		Debug|Any CPU = Debug|Any CPU
		Release|Any CPU = Release|Any CPU
	EndGlobalSection
	GlobalSection(ProjectConfigurationPlatforms) = postSolution
		{08DECFC1-4AD0-45EB-91E8-CC4AE5EEF1A2}.Debug|Any CPU.ActiveCfg = Debug|Any CPU
		{08DECFC1-4AD0-45EB-91E8-CC4AE5EEF1A2}.Debug|Any CPU.Build.0 = Debug|Any CPU
		{08DECFC1-4AD0-45EB-91E8-CC4AE5EEF1A2}.Release|Any CPU.ActiveCfg = Release|Any CPU
		{08DECFC1-4AD0-45EB-91E8-CC4AE5EEF1A2}.Release|Any CPU.Build.0 = Release|Any CPU
		{987C3BAE-011B-47EB-86B6-74AB12F7B8CD}.Debug|Any CPU.ActiveCfg = Debug|Any CPU
		{987C3BAE-011B-47EB-86B6-74AB12F7B8CD}.Debug|Any CPU.Build.0 = Debug|Any CPU
		{987C3BAE-011B-47EB-86B6-74AB12F7B8CD}.Release|Any CPU.ActiveCfg = Release|Any CPU
		{987C3BAE-011B-47EB-86B6-74AB12F7B8CD}.Release|Any CPU.Build.0 = Release|Any CPU
		{6D3337CF-F1ED-4411-B917-5A8FA6ACBD96}.Debug|Any CPU.ActiveCfg = Debug|Any CPU
		{6D3337CF-F1ED-4411-B917-5A8FA6ACBD96}.Debug|Any CPU.Build.0 = Debug|Any CPU
		{6D3337CF-F1ED-4411-B917-5A8FA6ACBD96}.Release|Any CPU.ActiveCfg = Release|Any CPU
		{6D3337CF-F1ED-4411-B917-5A8FA6ACBD96}.Release|Any CPU.Build.0 = Release|Any CPU
	EndGlobalSection
	GlobalSection(SolutionProperties) = preSolution
		HideSolutionNode = FALSE
	EndGlobalSection
	GlobalSection(ExtensibilityGlobals) = postSolution
		SolutionGuid = {E4034565-BBF1-4073-9DB6-4E02F348F900}
	EndGlobalSection
EndGlobal
